# THIS IS AN AUTOGENERATED FILE. DO NOT EDIT THIS FILE DIRECTLY.
# yarn lockfile v1


"@react-spring/animated@~9.7.2":
  version "9.7.2"
  resolved "https://registry.yarnpkg.com/@react-spring/animated/-/animated-9.7.2.tgz#0119db8075e91d693ec45c42575541e01b104a70"
  integrity sha512-ipvleJ99ipqlnHkz5qhSsgf/ny5aW0ZG8Q+/2Oj9cI7LCc7COdnrSO6V/v8MAX3JOoQNzfz6dye2s5Pt5jGaIA==
  dependencies:
    "@react-spring/shared" "~9.7.2"
    "@react-spring/types" "~9.7.2"

"@react-spring/core@~9.7.1", "@react-spring/core@~9.7.2":
  version "9.7.2"
  resolved "https://registry.yarnpkg.com/@react-spring/core/-/core-9.7.2.tgz#804ebadee45a6adff00886454d6f1c5d97ee219d"
  integrity sha512-fF512edZT/gKVCA90ZRxfw1DmELeVwiL4OC2J6bMUlNr707C0h4QRoec6DjzG27uLX2MvS1CEatf9KRjwZR9/w==
  dependencies:
    "@react-spring/animated" "~9.7.2"
    "@react-spring/rafz" "~9.7.2"
    "@react-spring/shared" "~9.7.2"
    "@react-spring/types" "~9.7.2"

"@react-spring/konva@~9.7.1":
  version "9.7.2"
  resolved "https://registry.yarnpkg.com/@react-spring/konva/-/konva-9.7.2.tgz#58ebae0d24b8887a24d2d6ed0e9dd08842632aa7"
  integrity sha512-xMA0XkIyv02euso8BGlLA4iXVJ76p6WCjABMTjdvcp//KvIub596vLwoLzmqHYjqRhH7BP4UQKxzhHvM7AylQA==
  dependencies:
    "@react-spring/animated" "~9.7.2"
    "@react-spring/core" "~9.7.2"
    "@react-spring/shared" "~9.7.2"
    "@react-spring/types" "~9.7.2"

"@react-spring/native@~9.7.1":
  version "9.7.2"
  resolved "https://registry.yarnpkg.com/@react-spring/native/-/native-9.7.2.tgz#dcf5cae844ec8693fa893f7fc3a15420523c2129"
  integrity sha512-Ltq/F+4jY7aqHW1/f1xUb+e3XGbVxnllXfDYU+3nXi4sa7O+du755hpNbCHJ5ZgtkQYFKtQ7I+InTY+CDXPYfw==
  dependencies:
    "@react-spring/animated" "~9.7.2"
    "@react-spring/core" "~9.7.2"
    "@react-spring/shared" "~9.7.2"
    "@react-spring/types" "~9.7.2"

"@react-spring/rafz@~9.7.2":
  version "9.7.2"
  resolved "https://registry.yarnpkg.com/@react-spring/rafz/-/rafz-9.7.2.tgz#77e7088c215e05cf893851cd87ceb40d89f2a7d7"
  integrity sha512-kDWMYDQto3+flkrX3vy6DU/l9pxQ4TVW91DglQEc11iDc7shF4+WVDRJvOVLX+xoMP7zyag1dMvlIgvQ+dvA/A==

"@react-spring/shared@~9.7.2":
  version "9.7.2"
  resolved "https://registry.yarnpkg.com/@react-spring/shared/-/shared-9.7.2.tgz#b8485617bdcc9f6348b245922051fb534e07c566"
  integrity sha512-6U9qkno+9DxlH5nSltnPs+kU6tYKf0bPLURX2te13aGel8YqgcpFYp5Av8DcN2x3sukinAsmzHUS/FRsdZMMBA==
  dependencies:
    "@react-spring/rafz" "~9.7.2"
    "@react-spring/types" "~9.7.2"

"@react-spring/three@~9.7.1":
  version "9.7.2"
  resolved "https://registry.yarnpkg.com/@react-spring/three/-/three-9.7.2.tgz#2dd23e6e654fc57589cf6f89d6a809bc7f8a96b1"
  integrity sha512-u7VAjc+az82PM+WOC2sTbZQLBixuN+0jX/oahzyjEnIds5eUJgaBqZRYAAEMupuzGGl8H3QqL3bFgBEQLq6ADQ==
  dependencies:
    "@react-spring/animated" "~9.7.2"
    "@react-spring/core" "~9.7.2"
    "@react-spring/shared" "~9.7.2"
    "@react-spring/types" "~9.7.2"

"@react-spring/types@~9.7.2":
  version "9.7.2"
  resolved "https://registry.yarnpkg.com/@react-spring/types/-/types-9.7.2.tgz#e04dd72755d88b0e3163ba143ecd8ba78b68a5b0"
  integrity sha512-GEflx2Ex/TKVMHq5g5MxQDNNPNhqg+4Db9m7+vGTm8ttZiyga7YQUF24shgRNebKIjahqCuei16SZga8h1pe4g==

"@react-spring/web@~9.7.1":
  version "9.7.2"
  resolved "https://registry.yarnpkg.com/@react-spring/web/-/web-9.7.2.tgz#76e53dd24033764c3062f9927f88b0f3194688d4"
  integrity sha512-7qNc7/5KShu2D05x7o2Ols2nUE7mCKfKLaY2Ix70xPMfTle1sZisoQMBFgV9w/fSLZlHZHV9P0uWJqEXQnbV4Q==
  dependencies:
    "@react-spring/animated" "~9.7.2"
    "@react-spring/core" "~9.7.2"
    "@react-spring/shared" "~9.7.2"
    "@react-spring/types" "~9.7.2"

"@react-spring/zdog@~9.7.1":
  version "9.7.2"
  resolved "https://registry.yarnpkg.com/@react-spring/zdog/-/zdog-9.7.2.tgz#3dcbdb28b6c04d4480a2a68b020802f7ec5c44dd"
  integrity sha512-6z2qqhmbpoZrw1oThyn4zfejtLkuadsaZFVMFf/5l5cHTEdRC8HZsBRLo+Wiomkprg/F1hyhcXI5X1lJ+T/zdQ==
  dependencies:
    "@react-spring/animated" "~9.7.2"
    "@react-spring/core" "~9.7.2"
    "@react-spring/shared" "~9.7.2"
    "@react-spring/types" "~9.7.2"

"@use-gesture/core@10.2.26":
  version "10.2.26"
  resolved "https://registry.yarnpkg.com/@use-gesture/core/-/core-10.2.26.tgz#c2fc4aa7d36cee7319a98a898b0698c66b01663e"
  integrity sha512-NyFpQ3iID9iFBROXyyvU1D0NK+t+dP+WAVByhCvqHUenpxLD2NlRLVRpoK3XGGwksr6mU3PvZ2Nm4q0q+gLJPA==

"@use-gesture/react@^10.2.26":
  version "10.2.26"
  resolved "https://registry.yarnpkg.com/@use-gesture/react/-/react-10.2.26.tgz#593549fed30ebcac71cfd197993eaede0795c098"
  integrity sha512-0QhaE5mhaQbFlip4MX7n1nwCX8gax6Da1LsP2fZ/BU6xW9zyEmV6NX7DPelDxq1rr2NiBJh30vx9RIp80YeA/A==
  dependencies:
    "@use-gesture/core" "10.2.26"

react-spring@^9.7.1:
  version "9.7.1"
  resolved "https://registry.yarnpkg.com/react-spring/-/react-spring-9.7.1.tgz#8acfed700823490a4d9d4cf131c5fea12d1aaa93"
  integrity sha512-o2+r2DNQDVEuefiz33ZF76DPd/gLq3kbdObJmllGF2IUfv2W6x+ZP0gR97QYCSR4QLbmOl1mPKUBbI+FJdys2Q==
  dependencies:
    "@react-spring/core" "~9.7.1"
    "@react-spring/konva" "~9.7.1"
    "@react-spring/native" "~9.7.1"
    "@react-spring/three" "~9.7.1"
    "@react-spring/web" "~9.7.1"
    "@react-spring/zdog" "~9.7.1"
